
Microsoft Visual Studio Solution File, Format Version 12.00
# Visual Studio Version 17
VisualStudioVersion = 17.11.35327.3
MinimumVisualStudioVersion = 10.0.40219.1
Project("{9A19103F-16F7-4668-BE54-9A1E7A4F7556}") = "NuGetPackageReport.Api", "src\NuGetPackageReport.Api\NuGetPackageReport.Api.csproj", "{89B6E5B3-4EFA-4D44-8A96-94EB6437CD89}"
EndProject
Project("{2150E333-8FDC-42A3-9474-1A3956D46DE8}") = "Solution Items", "Solution Items", "{9D1933F3-3753-4E19-9580-425C0B7171FA}"
	ProjectSection(SolutionItems) = preProject
		.github\workflows\build.yml = .github\workflows\build.yml
		Directory.Build.props = Directory.Build.props
		Directory.Packages.props = Directory.Packages.props
		LICENSE.txt = LICENSE.txt
		nuget.config = nuget.config
		README.md = README.md
	EndProjectSection
EndProject
Project("{9A19103F-16F7-4668-BE54-9A1E7A4F7556}") = "NuGetPackageReport.Lib", "src\NuGetPackageReport.Lib\NuGetPackageReport.Lib.csproj", "{4D2A31D2-D729-43C1-A486-2D533922AFA2}"
EndProject
Project("{9A19103F-16F7-4668-BE54-9A1E7A4F7556}") = "NuGetPackageReport.Ui", "src\NuGetPackageReport.Ui\NuGetPackageReport.Ui.csproj", "{BC5141B1-B82D-41E0-BA3C-4FE512C1CC37}"
EndProject
Project("{9A19103F-16F7-4668-BE54-9A1E7A4F7556}") = "NuGetPackageReport.LibTest", "tests\NuGetPackageReport.LibTest\NuGetPackageReport.LibTest.csproj", "{96B11BED-61B0-4BA9-B5D8-0D16C871C55F}"
EndProject
Project("{2150E333-8FDC-42A3-9474-1A3956D46DE8}") = "src", "src", "{EDC94D0A-0BDD-4352-8D80-00C94B0CFD22}"
EndProject
Project("{2150E333-8FDC-42A3-9474-1A3956D46DE8}") = "tests", "tests", "{01727913-CE3F-4A4D-9465-074B30E41AC3}"
EndProject
Global
	GlobalSection(SolutionConfigurationPlatforms) = preSolution
		Debug|Any CPU = Debug|Any CPU
		Release|Any CPU = Release|Any CPU
	EndGlobalSection
	GlobalSection(ProjectConfigurationPlatforms) = postSolution
		{89B6E5B3-4EFA-4D44-8A96-94EB6437CD89}.Debug|Any CPU.ActiveCfg = Debug|Any CPU
		{89B6E5B3-4EFA-4D44-8A96-94EB6437CD89}.Debug|Any CPU.Build.0 = Debug|Any CPU
		{89B6E5B3-4EFA-4D44-8A96-94EB6437CD89}.Release|Any CPU.ActiveCfg = Release|Any CPU
		{89B6E5B3-4EFA-4D44-8A96-94EB6437CD89}.Release|Any CPU.Build.0 = Release|Any CPU
		{4D2A31D2-D729-43C1-A486-2D533922AFA2}.Debug|Any CPU.ActiveCfg = Debug|Any CPU
		{4D2A31D2-D729-43C1-A486-2D533922AFA2}.Debug|Any CPU.Build.0 = Debug|Any CPU
		{4D2A31D2-D729-43C1-A486-2D533922AFA2}.Release|Any CPU.ActiveCfg = Release|Any CPU
		{4D2A31D2-D729-43C1-A486-2D533922AFA2}.Release|Any CPU.Build.0 = Release|Any CPU
		{BC5141B1-B82D-41E0-BA3C-4FE512C1CC37}.Debug|Any CPU.ActiveCfg = Debug|Any CPU
		{BC5141B1-B82D-41E0-BA3C-4FE512C1CC37}.Debug|Any CPU.Build.0 = Debug|Any CPU
		{BC5141B1-B82D-41E0-BA3C-4FE512C1CC37}.Release|Any CPU.ActiveCfg = Release|Any CPU
		{BC5141B1-B82D-41E0-BA3C-4FE512C1CC37}.Release|Any CPU.Build.0 = Release|Any CPU
		{96B11BED-61B0-4BA9-B5D8-0D16C871C55F}.Debug|Any CPU.ActiveCfg = Debug|Any CPU
		{96B11BED-61B0-4BA9-B5D8-0D16C871C55F}.Debug|Any CPU.Build.0 = Debug|Any CPU
		{96B11BED-61B0-4BA9-B5D8-0D16C871C55F}.Release|Any CPU.ActiveCfg = Release|Any CPU
		{96B11BED-61B0-4BA9-B5D8-0D16C871C55F}.Release|Any CPU.Build.0 = Release|Any CPU
	EndGlobalSection
	GlobalSection(SolutionProperties) = preSolution
		HideSolutionNode = FALSE
	EndGlobalSection
	GlobalSection(NestedProjects) = preSolution
		{89B6E5B3-4EFA-4D44-8A96-94EB6437CD89} = {EDC94D0A-0BDD-4352-8D80-00C94B0CFD22}
		{4D2A31D2-D729-43C1-A486-2D533922AFA2} = {EDC94D0A-0BDD-4352-8D80-00C94B0CFD22}
		{BC5141B1-B82D-41E0-BA3C-4FE512C1CC37} = {EDC94D0A-0BDD-4352-8D80-00C94B0CFD22}
		{96B11BED-61B0-4BA9-B5D8-0D16C871C55F} = {01727913-CE3F-4A4D-9465-074B30E41AC3}
	EndGlobalSection
	GlobalSection(ExtensibilityGlobals) = postSolution
		SolutionGuid = {CBAF958B-AE30-4503-85DF-C1446F052235}
	EndGlobalSection
EndGlobal
